
Microsoft Visual Studio Solution File, Format Version 12.00
# Visual Studio Version 16
VisualStudioVersion = 16.0.29020.237
MinimumVisualStudioVersion = 10.0.40219.1
Project("{FAE04EC0-301F-11D3-BF4B-00C04F79EFBC}") = "FASample.Android", "FASample.Android\FASample.Android.csproj", "{59E7A074-0E09-411C-9343-DC7501A9418C}"
EndProject
Project("{FAE04EC0-301F-11D3-BF4B-00C04F79EFBC}") = "FASample.iOS", "FASample.iOS\FASample.iOS.csproj", "{59936A8B-A4B9-4F9C-9365-2A8D8EFE45A7}"
EndProject
Project("{FAE04EC0-301F-11D3-BF4B-00C04F79EFBC}") = "FASample", "FASample\FASample.csproj", "{F710ED70-F5AD-41E7-B6C3-6D82415F9E69}"
EndProject
Global
	GlobalSection(SolutionConfigurationPlatforms) = preSolution
		Debug|Any CPU = Debug|Any CPU
		Debug|iPhone = Debug|iPhone
		Debug|iPhoneSimulator = Debug|iPhoneSimulator
		Release|Any CPU = Release|Any CPU
		Release|iPhone = Release|iPhone
		Release|iPhoneSimulator = Release|iPhoneSimulator
	EndGlobalSection
	GlobalSection(ProjectConfigurationPlatforms) = postSolution
		{59E7A074-0E09-411C-9343-DC7501A9418C}.Debug|Any CPU.ActiveCfg = Debug|Any CPU
		{59E7A074-0E09-411C-9343-DC7501A9418C}.Debug|Any CPU.Build.0 = Debug|Any CPU
		{59E7A074-0E09-411C-9343-DC7501A9418C}.Debug|Any CPU.Deploy.0 = Debug|Any CPU
		{59E7A074-0E09-411C-9343-DC7501A9418C}.Debug|iPhone.ActiveCfg = Debug|Any CPU
		{59E7A074-0E09-411C-9343-DC7501A9418C}.Debug|iPhone.Build.0 = Debug|Any CPU
		{59E7A074-0E09-411C-9343-DC7501A9418C}.Debug|iPhone.Deploy.0 = Debug|Any CPU
		{59E7A074-0E09-411C-9343-DC7501A9418C}.Debug|iPhoneSimulator.ActiveCfg = Debug|Any CPU
		{59E7A074-0E09-411C-9343-DC7501A9418C}.Debug|iPhoneSimulator.Build.0 = Debug|Any CPU
		{59E7A074-0E09-411C-9343-DC7501A9418C}.Debug|iPhoneSimulator.Deploy.0 = Debug|Any CPU
		{59E7A074-0E09-411C-9343-DC7501A9418C}.Release|Any CPU.ActiveCfg = Release|Any CPU
		{59E7A074-0E09-411C-9343-DC7501A9418C}.Release|Any CPU.Build.0 = Release|Any CPU
		{59E7A074-0E09-411C-9343-DC7501A9418C}.Release|Any CPU.Deploy.0 = Release|Any CPU
		{59E7A074-0E09-411C-9343-DC7501A9418C}.Release|iPhone.ActiveCfg = Release|Any CPU
		{59E7A074-0E09-411C-9343-DC7501A9418C}.Release|iPhone.Build.0 = Release|Any CPU
		{59E7A074-0E09-411C-9343-DC7501A9418C}.Release|iPhone.Deploy.0 = Release|Any CPU
		{59E7A074-0E09-411C-9343-DC7501A9418C}.Release|iPhoneSimulator.ActiveCfg = Release|Any CPU
		{59E7A074-0E09-411C-9343-DC7501A9418C}.Release|iPhoneSimulator.Build.0 = Release|Any CPU
		{59E7A074-0E09-411C-9343-DC7501A9418C}.Release|iPhoneSimulator.Deploy.0 = Release|Any CPU
		{59936A8B-A4B9-4F9C-9365-2A8D8EFE45A7}.Debug|Any CPU.ActiveCfg = Debug|iPhoneSimulator
		{59936A8B-A4B9-4F9C-9365-2A8D8EFE45A7}.Debug|Any CPU.Build.0 = Debug|iPhoneSimulator
		{59936A8B-A4B9-4F9C-9365-2A8D8EFE45A7}.Debug|Any CPU.Deploy.0 = Debug|iPhoneSimulator
		{59936A8B-A4B9-4F9C-9365-2A8D8EFE45A7}.Debug|iPhone.ActiveCfg = Debug|iPhone
		{59936A8B-A4B9-4F9C-9365-2A8D8EFE45A7}.Debug|iPhone.Build.0 = Debug|iPhone
		{59936A8B-A4B9-4F9C-9365-2A8D8EFE45A7}.Debug|iPhone.Deploy.0 = Debug|iPhone
		{59936A8B-A4B9-4F9C-9365-2A8D8EFE45A7}.Debug|iPhoneSimulator.ActiveCfg = Debug|iPhoneSimulator
		{59936A8B-A4B9-4F9C-9365-2A8D8EFE45A7}.Debug|iPhoneSimulator.Build.0 = Debug|iPhoneSimulator
		{59936A8B-A4B9-4F9C-9365-2A8D8EFE45A7}.Debug|iPhoneSimulator.Deploy.0 = Debug|iPhoneSimulator
		{59936A8B-A4B9-4F9C-9365-2A8D8EFE45A7}.Release|Any CPU.ActiveCfg = Release|iPhone
		{59936A8B-A4B9-4F9C-9365-2A8D8EFE45A7}.Release|Any CPU.Build.0 = Release|iPhone
		{59936A8B-A4B9-4F9C-9365-2A8D8EFE45A7}.Release|Any CPU.Deploy.0 = Release|iPhone
		{59936A8B-A4B9-4F9C-9365-2A8D8EFE45A7}.Release|iPhone.ActiveCfg = Release|iPhone
		{59936A8B-A4B9-4F9C-9365-2A8D8EFE45A7}.Release|iPhone.Build.0 = Release|iPhone
		{59936A8B-A4B9-4F9C-9365-2A8D8EFE45A7}.Release|iPhone.Deploy.0 = Release|iPhone
		{59936A8B-A4B9-4F9C-9365-2A8D8EFE45A7}.Release|iPhoneSimulator.ActiveCfg = Release|iPhoneSimulator
		{59936A8B-A4B9-4F9C-9365-2A8D8EFE45A7}.Release|iPhoneSimulator.Build.0 = Release|iPhoneSimulator
		{59936A8B-A4B9-4F9C-9365-2A8D8EFE45A7}.Release|iPhoneSimulator.Deploy.0 = Release|iPhoneSimulator
		{F710ED70-F5AD-41E7-B6C3-6D82415F9E69}.Debug|Any CPU.ActiveCfg = Debug|Any CPU
		{F710ED70-F5AD-41E7-B6C3-6D82415F9E69}.Debug|Any CPU.Build.0 = Debug|Any CPU
		{F710ED70-F5AD-41E7-B6C3-6D82415F9E69}.Debug|Any CPU.Deploy.0 = Debug|Any CPU
		{F710ED70-F5AD-41E7-B6C3-6D82415F9E69}.Debug|iPhone.ActiveCfg = Debug|Any CPU
		{F710ED70-F5AD-41E7-B6C3-6D82415F9E69}.Debug|iPhone.Build.0 = Debug|Any CPU
		{F710ED70-F5AD-41E7-B6C3-6D82415F9E69}.Debug|iPhone.Deploy.0 = Debug|Any CPU
		{F710ED70-F5AD-41E7-B6C3-6D82415F9E69}.Debug|iPhoneSimulator.ActiveCfg = Debug|Any CPU
		{F710ED70-F5AD-41E7-B6C3-6D82415F9E69}.Debug|iPhoneSimulator.Build.0 = Debug|Any CPU
		{F710ED70-F5AD-41E7-B6C3-6D82415F9E69}.Debug|iPhoneSimulator.Deploy.0 = Debug|Any CPU
		{F710ED70-F5AD-41E7-B6C3-6D82415F9E69}.Release|Any CPU.ActiveCfg = Release|Any CPU
		{F710ED70-F5AD-41E7-B6C3-6D82415F9E69}.Release|Any CPU.Build.0 = Release|Any CPU
		{F710ED70-F5AD-41E7-B6C3-6D82415F9E69}.Release|Any CPU.Deploy.0 = Release|Any CPU
		{F710ED70-F5AD-41E7-B6C3-6D82415F9E69}.Release|iPhone.ActiveCfg = Release|Any CPU
		{F710ED70-F5AD-41E7-B6C3-6D82415F9E69}.Release|iPhone.Build.0 = Release|Any CPU
		{F710ED70-F5AD-41E7-B6C3-6D82415F9E69}.Release|iPhone.Deploy.0 = Release|Any CPU
		{F710ED70-F5AD-41E7-B6C3-6D82415F9E69}.Release|iPhoneSimulator.ActiveCfg = Release|Any CPU
		{F710ED70-F5AD-41E7-B6C3-6D82415F9E69}.Release|iPhoneSimulator.Build.0 = Release|Any CPU
		{F710ED70-F5AD-41E7-B6C3-6D82415F9E69}.Release|iPhoneSimulator.Deploy.0 = Release|Any CPU
	EndGlobalSection
	GlobalSection(SolutionProperties) = preSolution
		HideSolutionNode = FALSE
	EndGlobalSection
	GlobalSection(ExtensibilityGlobals) = postSolution
		SolutionGuid = {8B4FE780-0259-44AA-865E-F4C1CFA17851}
	EndGlobalSection
EndGlobal
